// !$*UTF8*$!
{
	archiveVersion = 1;
	classes = {
	};
	objectVersion = 46;
	objects = {

/* Begin PBXBuildFile section */
		246561B3194D998400268087 /* Foundation.framework in Frameworks */ = {isa = PBXBuildFile; fileRef = 246561B2194D998400268087 /* Foundation.framework */; };
		246561B5194D998400268087 /* CoreGraphics.framework in Frameworks */ = {isa = PBXBuildFile; fileRef = 246561B4194D998400268087 /* CoreGraphics.framework */; };
		246561B7194D998400268087 /* UIKit.framework in Frameworks */ = {isa = PBXBuildFile; fileRef = 246561B6194D998400268087 /* UIKit.framework */; };
		246561BD194D998400268087 /* InfoPlist.strings in Resources */ = {isa = PBXBuildFile; fileRef = 246561BB194D998400268087 /* InfoPlist.strings */; };
		246561BF194D998400268087 /* main.m in Sources */ = {isa = PBXBuildFile; fileRef = 246561BE194D998400268087 /* main.m */; };
		246561C3194D998400268087 /* AppDelegate.m in Sources */ = {isa = PBXBuildFile; fileRef = 246561C2194D998400268087 /* AppDelegate.m */; };
		246561C6194D998400268087 /* Main.storyboard in Resources */ = {isa = PBXBuildFile; fileRef = 246561C4194D998400268087 /* Main.storyboard */; };
		246561C9194D998400268087 /* ViewController.m in Sources */ = {isa = PBXBuildFile; fileRef = 246561C8194D998400268087 /* ViewController.m */; };
		246561CB194D998400268087 /* Images.xcassets in Resources */ = {isa = PBXBuildFile; fileRef = 246561CA194D998400268087 /* Images.xcassets */; };
		246561D2194D998400268087 /* XCTest.framework in Frameworks */ = {isa = PBXBuildFile; fileRef = 246561D1194D998400268087 /* XCTest.framework */; };
		246561D3194D998400268087 /* Foundation.framework in Frameworks */ = {isa = PBXBuildFile; fileRef = 246561B2194D998400268087 /* Foundation.framework */; };
		246561D4194D998400268087 /* UIKit.framework in Frameworks */ = {isa = PBXBuildFile; fileRef = 246561B6194D998400268087 /* UIKit.framework */; };
		246561DC194D998400268087 /* InfoPlist.strings in Resources */ = {isa = PBXBuildFile; fileRef = 246561DA194D998400268087 /* InfoPlist.strings */; };
		246561DE194D998400268087 /* gitTest1Tests.m in Sources */ = {isa = PBXBuildFile; fileRef = 246561DD194D998400268087 /* gitTest1Tests.m */; };
/* End PBXBuildFile section */

/* Begin PBXContainerItemProxy section */
		246561D5194D998400268087 /* PBXContainerItemProxy */ = {
			isa = PBXContainerItemProxy;
			containerPortal = 246561A7194D998400268087 /* Project object */;
			proxyType = 1;
			remoteGlobalIDString = 246561AE194D998400268087;
			remoteInfo = gitTest1;
		};
/* End PBXContainerItemProxy section */

/* Begin PBXFileReference section */
		246561AF194D998400268087 /* gitTest1.app */ = {isa = PBXFileReference; explicitFileType = wrapper.application; includeInIndex = 0; path = gitTest1.app; sourceTree = BUILT_PRODUCTS_DIR; };
		246561B2194D998400268087 /* Foundation.framework */ = {isa = PBXFileReference; lastKnownFileType = wrapper.framework; name = Foundation.framework; path = System/Library/Frameworks/Foundation.framework; sourceTree = SDKROOT; };
		246561B4194D998400268087 /* CoreGraphics.framework */ = {isa = PBXFileReference; lastKnownFileType = wrapper.framework; name = CoreGraphics.framework; path = System/Library/Frameworks/CoreGraphics.framework; sourceTree = SDKROOT; };
		246561B6194D998400268087 /* UIKit.framework */ = {isa = PBXFileReference; lastKnownFileType = wrapper.framework; name = UIKit.framework; path = System/Library/Frameworks/UIKit.framework; sourceTree = SDKROOT; };
		246561BA194D998400268087 /* gitTest1-Info.plist */ = {isa = PBXFileReference; lastKnownFileType = text.plist.xml; path = "gitTest1-Info.plist"; sourceTree = "<group>"; };
		246561BC194D998400268087 /* en */ = {isa = PBXFileReference; lastKnownFileType = text.plist.strings; name = en; path = en.lproj/InfoPlist.strings; sourceTree = "<group>"; };
		246561BE194D998400268087 /* main.m */ = {isa = PBXFileReference; lastKnownFileType = sourcecode.c.objc; path = main.m; sourceTree = "<group>"; };
		246561C0194D998400268087 /* gitTest1-Prefix.pch */ = {isa = PBXFileReference; lastKnownFileType = sourcecode.c.h; path = "gitTest1-Prefix.pch"; sourceTree = "<group>"; };
		246561C1194D998400268087 /* AppDelegate.h */ = {isa = PBXFileReference; lastKnownFileType = sourcecode.c.h; path = AppDelegate.h; sourceTree = "<group>"; };
		246561C2194D998400268087 /* AppDelegate.m */ = {isa = PBXFileReference; lastKnownFileType = sourcecode.c.objc; path = AppDelegate.m; sourceTree = "<group>"; };
		246561C5194D998400268087 /* Base */ = {isa = PBXFileReference; lastKnownFileType = file.storyboard; name = Base; path = Base.lproj/Main.storyboard; sourceTree = "<group>"; };
		246561C7194D998400268087 /* ViewController.h */ = {isa = PBXFileReference; lastKnownFileType = sourcecode.c.h; path = ViewController.h; sourceTree = "<group>"; };
		246561C8194D998400268087 /* ViewController.m */ = {isa = PBXFileReference; lastKnownFileType = sourcecode.c.objc; path = ViewController.m; sourceTree = "<group>"; };
		246561CA194D998400268087 /* Images.xcassets */ = {isa = PBXFileReference; lastKnownFileType = folder.assetcatalog; path = Images.xcassets; sourceTree = "<group>"; };
		246561D0194D998400268087 /* gitTest1Tests.xctest */ = {isa = PBXFileReference; explicitFileType = wrapper.cfbundle; includeInIndex = 0; path = gitTest1Tests.xctest; sourceTree = BUILT_PRODUCTS_DIR; };
		246561D1194D998400268087 /* XCTest.framework */ = {isa = PBXFileReference; lastKnownFileType = wrapper.framework; name = XCTest.framework; path = Library/Frameworks/XCTest.framework; sourceTree = DEVELOPER_DIR; };
		246561D9194D998400268087 /* gitTest1Tests-Info.plist */ = {isa = PBXFileReference; lastKnownFileType = text.plist.xml; path = "gitTest1Tests-Info.plist"; sourceTree = "<group>"; };
		246561DB194D998400268087 /* en */ = {isa = PBXFileReference; lastKnownFileType = text.plist.strings; name = en; path = en.lproj/InfoPlist.strings; sourceTree = "<group>"; };
		246561DD194D998400268087 /* gitTest1Tests.m */ = {isa = PBXFileReference; lastKnownFileType = sourcecode.c.objc; path = gitTest1Tests.m; sourceTree = "<group>"; };
/* End PBXFileReference section */

/* Begin PBXFrameworksBuildPhase section */
		246561AC194D998400268087 /* Frameworks */ = {
			isa = PBXFrameworksBuildPhase;
			buildActionMask = 2147483647;
			files = (
				246561B5194D998400268087 /* CoreGraphics.framework in Frameworks */,
				246561B7194D998400268087 /* UIKit.framework in Frameworks */,
				246561B3194D998400268087 /* Foundation.framework in Frameworks */,
			);
			runOnlyForDeploymentPostprocessing = 0;
		};
		246561CD194D998400268087 /* Frameworks */ = {
			isa = PBXFrameworksBuildPhase;
			buildActionMask = 2147483647;
			files = (
				246561D2194D998400268087 /* XCTest.framework in Frameworks */,
				246561D4194D998400268087 /* UIKit.framework in Frameworks */,
				246561D3194D998400268087 /* Foundation.framework in Frameworks */,
			);
			runOnlyForDeploymentPostprocessing = 0;
		};
/* End PBXFrameworksBuildPhase section */

/* Begin PBXGroup section */
		246561A6194D998400268087 = {
			isa = PBXGroup;
			children = (
				246561B8194D998400268087 /* gitTest1 */,
				246561D7194D998400268087 /* gitTest1Tests */,
				246561B1194D998400268087 /* Frameworks */,
				246561B0194D998400268087 /* Products */,
			);
			sourceTree = "<group>";
		};
		246561B0194D998400268087 /* Products */ = {
			isa = PBXGroup;
			children = (
				246561AF194D998400268087 /* gitTest1.app */,
				246561D0194D998400268087 /* gitTest1Tests.xctest */,
			);
			name = Products;
			sourceTree = "<group>";
		};
		246561B1194D998400268087 /* Frameworks */ = {
			isa = PBXGroup;
			children = (
				246561B2194D998400268087 /* Foundation.framework */,
				246561B4194D998400268087 /* CoreGraphics.framework */,
				246561B6194D998400268087 /* UIKit.framework */,
				246561D1194D998400268087 /* XCTest.framework */,
			);
			name = Frameworks;
			sourceTree = "<group>";
		};
		246561B8194D998400268087 /* gitTest1 */ = {
			isa = PBXGroup;
			children = (
				246561C1194D998400268087 /* AppDelegate.h */,
				246561C2194D998400268087 /* AppDelegate.m */,
				246561C4194D998400268087 /* Main.storyboard */,
				246561C7194D998400268087 /* ViewController.h */,
				246561C8194D998400268087 /* ViewController.m */,
				246561CA194D998400268087 /* Images.xcassets */,
				246561B9194D998400268087 /* Supporting Files */,
			);
			path = gitTest1;
			sourceTree = "<group>";
		};
		246561B9194D998400268087 /* Supporting Files */ = {
			isa = PBXGroup;
			children = (
				246561BA194D998400268087 /* gitTest1-Info.plist */,
				246561BB194D998400268087 /* InfoPlist.strings */,
				246561BE194D998400268087 /* main.m */,
				246561C0194D998400268087 /* gitTest1-Prefix.pch */,
			);
			name = "Supporting Files";
			sourceTree = "<group>";
		};
		246561D7194D998400268087 /* gitTest1Tests */ = {
			isa = PBXGroup;
			children = (
				246561DD194D998400268087 /* gitTest1Tests.m */,
				246561D8194D998400268087 /* Supporting Files */,
			);
			path = gitTest1Tests;
			sourceTree = "<group>";
		};
		246561D8194D998400268087 /* Supporting Files */ = {
			isa = PBXGroup;
			children = (
				246561D9194D998400268087 /* gitTest1Tests-Info.plist */,
				246561DA194D998400268087 /* InfoPlist.strings */,
			);
			name = "Supporting Files";
			sourceTree = "<group>";
		};
/* End PBXGroup section */

/* Begin PBXNativeTarget section */
		246561AE194D998400268087 /* gitTest1 */ = {
			isa = PBXNativeTarget;
			buildConfigurationList = 246561E1194D998400268087 /* Build configuration list for PBXNativeTarget "gitTest1" */;
			buildPhases = (
				246561AB194D998400268087 /* Sources */,
				246561AC194D998400268087 /* Frameworks */,
				246561AD194D998400268087 /* Resources */,
			);
			buildRules = (
			);
			dependencies = (
			);
			name = gitTest1;
			productName = gitTest1;
			productReference = 246561AF194D998400268087 /* gitTest1.app */;
			productType = "com.apple.product-type.application";
		};
		246561CF194D998400268087 /* gitTest1Tests */ = {
			isa = PBXNativeTarget;
			buildConfigurationList = 246561E4194D998400268087 /* Build configuration list for PBXNativeTarget "gitTest1Tests" */;
			buildPhases = (
				246561CC194D998400268087 /* Sources */,
				246561CD194D998400268087 /* Frameworks */,
				246561CE194D998400268087 /* Resources */,
			);
			buildRules = (
			);
			dependencies = (
				246561D6194D998400268087 /* PBXTargetDependency */,
			);
			name = gitTest1Tests;
			productName = gitTest1Tests;
			productReference = 246561D0194D998400268087 /* gitTest1Tests.xctest */;
			productType = "com.apple.product-type.bundle.unit-test";
		};
/* End PBXNativeTarget section */

/* Begin PBXProject section */
		246561A7194D998400268087 /* Project object */ = {
			isa = PBXProject;
			attributes = {
				LastUpgradeCheck = 0510;
				ORGANIZATIONNAME = ShunUsami;
				TargetAttributes = {
					246561CF194D998400268087 = {
						TestTargetID = 246561AE194D998400268087;
					};
				};
			};
			buildConfigurationList = 246561AA194D998400268087 /* Build configuration list for PBXProject "gitTest1" */;
			compatibilityVersion = "Xcode 3.2";
			developmentRegion = English;
			hasScannedForEncodings = 0;
			knownRegions = (
				en,
				Base,
			);
			mainGroup = 246561A6194D998400268087;
			productRefGroup = 246561B0194D998400268087 /* Products */;
			projectDirPath = "";
			projectRoot = "";
			targets = (
				246561AE194D998400268087 /* gitTest1 */,
				246561CF194D998400268087 /* gitTest1Tests */,
			);
		};
/* End PBXProject section */

/* Begin PBXResourcesBuildPhase section */
		246561AD194D998400268087 /* Resources */ = {
			isa = PBXResourcesBuildPhase;
			buildActionMask = 2147483647;
			files = (
				246561CB194D998400268087 /* Images.xcassets in Resources */,
				246561BD194D998400268087 /* InfoPlist.strings in Resources */,
				246561C6194D998400268087 /* Main.storyboard in Resources */,
			);
			runOnlyForDeploymentPostprocessing = 0;
		};
		246561CE194D998400268087 /* Resources */ = {
			isa = PBXResourcesBuildPhase;
			buildActionMask = 2147483647;
			files = (
				246561DC194D998400268087 /* InfoPlist.strings in Resources */,
			);
			runOnlyForDeploymentPostprocessing = 0;
		};
/* End PBXResourcesBuildPhase section */

/* Begin PBXSourcesBuildPhase section */
		246561AB194D998400268087 /* Sources */ = {
			isa = PBXSourcesBuildPhase;
			buildActionMask = 2147483647;
			files = (
				246561C9194D998400268087 /* ViewController.m in Sources */,
				246561C3194D998400268087 /* AppDelegate.m in Sources */,
				246561BF194D998400268087 /* main.m in Sources */,
			);
			runOnlyForDeploymentPostprocessing = 0;
		};
		246561CC194D998400268087 /* Sources */ = {
			isa = PBXSourcesBuildPhase;
			buildActionMask = 2147483647;
			files = (
				246561DE194D998400268087 /* gitTest1Tests.m in Sources */,
			);
			runOnlyForDeploymentPostprocessing = 0;
		};
/* End PBXSourcesBuildPhase section */

/* Begin PBXTargetDependency section */
		246561D6194D998400268087 /* PBXTargetDependency */ = {
			isa = PBXTargetDependency;
			target = 246561AE194D998400268087 /* gitTest1 */;
			targetProxy = 246561D5194D998400268087 /* PBXContainerItemProxy */;
		};
/* End PBXTargetDependency section */

/* Begin PBXVariantGroup section */
		246561BB194D998400268087 /* InfoPlist.strings */ = {
			isa = PBXVariantGroup;
			children = (
				246561BC194D998400268087 /* en */,
			);
			name = InfoPlist.strings;
			sourceTree = "<group>";
		};
		246561C4194D998400268087 /* Main.storyboard */ = {
			isa = PBXVariantGroup;
			children = (
				246561C5194D998400268087 /* Base */,
			);
			name = Main.storyboard;
			sourceTree = "<group>";
		};
		246561DA194D998400268087 /* InfoPlist.strings */ = {
			isa = PBXVariantGroup;
			children = (
				246561DB194D998400268087 /* en */,
			);
			name = InfoPlist.strings;
			sourceTree = "<group>";
		};
/* End PBXVariantGroup section */

/* Begin XCBuildConfiguration section */
		246561DF194D998400268087 /* Debug */ = {
			isa = XCBuildConfiguration;
			buildSettings = {
				ALWAYS_SEARCH_USER_PATHS = NO;
				CLANG_CXX_LANGUAGE_STANDARD = "gnu++0x";
				CLANG_CXX_LIBRARY = "libc++";
				CLANG_ENABLE_MODULES = YES;
				CLANG_ENABLE_OBJC_ARC = YES;
				CLANG_WARN_BOOL_CONVERSION = YES;
				CLANG_WARN_CONSTANT_CONVERSION = YES;
				CLANG_WARN_DIRECT_OBJC_ISA_USAGE = YES_ERROR;
				CLANG_WARN_EMPTY_BODY = YES;
				CLANG_WARN_ENUM_CONVERSION = YES;
				CLANG_WARN_INT_CONVERSION = YES;
				CLANG_WARN_OBJC_ROOT_CLASS = YES_ERROR;
				CLANG_WARN__DUPLICATE_METHOD_MATCH = YES;
				"CODE_SIGN_IDENTITY[sdk=iphoneos*]" = "iPhone Developer";
				COPY_PHASE_STRIP = NO;
				GCC_C_LANGUAGE_STANDARD = gnu99;
				GCC_DYNAMIC_NO_PIC = NO;
				GCC_OPTIMIZATION_LEVEL = 0;
				GCC_PREPROCESSOR_DEFINITIONS = (
					"DEBUG=1",
					"$(inherited)",
				);
				GCC_SYMBOLS_PRIVATE_EXTERN = NO;
				GCC_WARN_64_TO_32_BIT_CONVERSION = YES;
				GCC_WARN_ABOUT_RETURN_TYPE = YES_ERROR;
				GCC_WARN_UNDECLARED_SELECTOR = YES;
				GCC_WARN_UNINITIALIZED_AUTOS = YES_AGGRESSIVE;
				GCC_WARN_UNUSED_FUNCTION = YES;
				GCC_WARN_UNUSED_VARIABLE = YES;
				IPHONEOS_DEPLOYMENT_TARGET = 7.1;
				ONLY_ACTIVE_ARCH = YES;
				SDKROOT = iphoneos;
			};
			name = Debug;
		};
		246561E0194D998400268087 /* Release */ = {
			isa = XCBuildConfiguration;
			buildSettings = {
				ALWAYS_SEARCH_USER_PATHS = NO;
				CLANG_CXX_LANGUAGE_STANDARD = "gnu++0x";
				CLANG_CXX_LIBRARY = "libc++";
				CLANG_ENABLE_MODULES = YES;
				CLANG_ENABLE_OBJC_ARC = YES;
				CLANG_WARN_BOOL_CONVERSION = YES;
				CLANG_WARN_CONSTANT_CONVERSION = YES;
				CLANG_WARN_DIRECT_OBJC_ISA_USAGE = YES_ERROR;
				CLANG_WARN_EMPTY_BODY = YES;
				CLANG_WARN_ENUM_CONVERSION = YES;
				CLANG_WARN_INT_CONVERSION = YES;
				CLANG_WARN_OBJC_ROOT_CLASS = YES_ERROR;
				CLANG_WARN__DUPLICATE_METHOD_MATCH = YES;
				"CODE_SIGN_IDENTITY[sdk=iphoneos*]" = "iPhone Developer";
				COPY_PHASE_STRIP = YES;
				ENABLE_NS_ASSERTIONS = NO;
				GCC_C_LANGUAGE_STANDARD = gnu99;
				GCC_WARN_64_TO_32_BIT_CONVERSION = YES;
				GCC_WARN_ABOUT_RETURN_TYPE = YES_ERROR;
				GCC_WARN_UNDECLARED_SELECTOR = YES;
				GCC_WARN_UNINITIALIZED_AUTOS = YES_AGGRESSIVE;
				GCC_WARN_UNUSED_FUNCTION = YES;
				GCC_WARN_UNUSED_VARIABLE = YES;
				IPHONEOS_DEPLOYMENT_TARGET = 7.1;
				SDKROOT = iphoneos;
				VALIDATE_PRODUCT = YES;
			};
			name = Release;
		};
		246561E2194D998400268087 /* Debug */ = {
			isa = XCBuildConfiguration;
			buildSettings = {
				ASSETCATALOG_COMPILER_APPICON_NAME = AppIcon;
				ASSETCATALOG_COMPILER_LAUNCHIMAGE_NAME = LaunchImage;
				GCC_PRECOMPILE_PREFIX_HEADER = YES;
				GCC_PREFIX_HEADER = "gitTest1/gitTest1-Prefix.pch";
				INFOPLIST_FILE = "gitTest1/gitTest1-Info.plist";
				PRODUCT_NAME = "$(TARGET_NAME)";
				WRAPPER_EXTENSION = app;
			};
			name = Debug;
		};
		246561E3194D998400268087 /* Release */ = {
			isa = XCBuildConfiguration;
			buildSettings = {
				ASSETCATALOG_COMPILER_APPICON_NAME = AppIcon;
				ASSETCATALOG_COMPILER_LAUNCHIMAGE_NAME = LaunchImage;
				GCC_PRECOMPILE_PREFIX_HEADER = YES;
				GCC_PREFIX_HEADER = "gitTest1/gitTest1-Prefix.pch";
				INFOPLIST_FILE = "gitTest1/gitTest1-Info.plist";
				PRODUCT_NAME = "$(TARGET_NAME)";
				WRAPPER_EXTENSION = app;
			};
			name = Release;
		};
		246561E5194D998400268087 /* Debug */ = {
			isa = XCBuildConfiguration;
			buildSettings = {
				BUNDLE_LOADER = "$(BUILT_PRODUCTS_DIR)/gitTest1.app/gitTest1";
				FRAMEWORK_SEARCH_PATHS = (
					"$(SDKROOT)/Developer/Library/Frameworks",
					"$(inherited)",
					"$(DEVELOPER_FRAMEWORKS_DIR)",
				);
				GCC_PRECOMPILE_PREFIX_HEADER = YES;
				GCC_PREFIX_HEADER = "gitTest1/gitTest1-Prefix.pch";
				GCC_PREPROCESSOR_DEFINITIONS = (
					"DEBUG=1",
					"$(inherited)",
				);
				INFOPLIST_FILE = "gitTest1Tests/gitTest1Tests-Info.plist";
				PRODUCT_NAME = "$(TARGET_NAME)";
				TEST_HOST = "$(BUNDLE_LOADER)";
				WRAPPER_EXTENSION = xctest;
			};
			name = Debug;
		};
		246561E6194D998400268087 /* Release */ = {
			isa = XCBuildConfiguration;
			buildSettings = {
				BUNDLE_LOADER = "$(BUILT_PRODUCTS_DIR)/gitTest1.app/gitTest1";
				FRAMEWORK_SEARCH_PATHS = (
					"$(SDKROOT)/Developer/Library/Frameworks",
					"$(inherited)",
					"$(DEVELOPER_FRAMEWORKS_DIR)",
				);
				GCC_PRECOMPILE_PREFIX_HEADER = YES;
				GCC_PREFIX_HEADER = "gitTest1/gitTest1-Prefix.pch";
				INFOPLIST_FILE = "gitTest1Tests/gitTest1Tests-Info.plist";
				PRODUCT_NAME = "$(TARGET_NAME)";
				TEST_HOST = "$(BUNDLE_LOADER)";
				WRAPPER_EXTENSION = xctest;
			};
			name = Release;
		};
/* End XCBuildConfiguration section */

/* Begin XCConfigurationList section */
		246561AA194D998400268087 /* Build configuration list for PBXProject "gitTest1" */ = {
			isa = XCConfigurationList;
			buildConfigurations = (
				246561DF194D998400268087 /* Debug */,
				246561E0194D998400268087 /* Release */,
			);
			defaultConfigurationIsVisible = 0;
			defaultConfigurationName = Release;
		};
		246561E1194D998400268087 /* Build configuration list for PBXNativeTarget "gitTest1" */ = {
			isa = XCConfigurationList;
			buildConfigurations = (
				246561E2194D998400268087 /* Debug */,
				246561E3194D998400268087 /* Release */,
			);
			defaultConfigurationIsVisible = 0;
		};
		246561E4194D998400268087 /* Build configuration list for PBXNativeTarget "gitTest1Tests" */ = {
			isa = XCConfigurationList;
			buildConfigurations = (
				246561E5194D998400268087 /* Debug */,
				246561E6194D998400268087 /* Release */,
			);
			defaultConfigurationIsVisible = 0;
		};
/* End XCConfigurationList section */
	};
	rootObject = 246561A7194D998400268087 /* Project object */;
}
